// !$*UTF8*$!
{
	archiveVersion = 1;
	classes = {
	};
	objectVersion = 46;
	objects = {

/* Begin PBXBuildFile section */
		9F89F1864EEAB14A742CA2F5 /* libPods.a in Frameworks */ = {isa = PBXBuildFile; fileRef = 0A95220097BE09A8302A5F83 /* libPods.a */; };
		E10703871C0BDC1100100095 /* MBProgressHUD.m in Sources */ = {isa = PBXBuildFile; fileRef = E10703861C0BDC1100100095 /* MBProgressHUD.m */; };
		E13A161E1C07E8A20060BA9B /* Setting_ViewController.m in Sources */ = {isa = PBXBuildFile; fileRef = E13A161D1C07E8A20060BA9B /* Setting_ViewController.m */; };
		E13A16241C07F4F40060BA9B /* AboutMe_ViewController.m in Sources */ = {isa = PBXBuildFile; fileRef = E13A16211C07F4F40060BA9B /* AboutMe_ViewController.m */; };
		E13A16251C07F4F40060BA9B /* Modify_ViewController.m in Sources */ = {isa = PBXBuildFile; fileRef = E13A16231C07F4F40060BA9B /* Modify_ViewController.m */; };
		E13A16271C0801510060BA9B /* 大学生之家.jpg in Resources */ = {isa = PBXBuildFile; fileRef = E13A16261C0801510060BA9B /* 大学生之家.jpg */; };
		E13A162A1C080B5B0060BA9B /* Login_ViewController.m in Sources */ = {isa = PBXBuildFile; fileRef = E13A16291C080B5B0060BA9B /* Login_ViewController.m */; };
		E13A162D1C080B800060BA9B /* Register_ViewController.m in Sources */ = {isa = PBXBuildFile; fileRef = E13A162C1C080B800060BA9B /* Register_ViewController.m */; };
		E13A16301C082B4E0060BA9B /* LCTableViewPickerControl.m in Sources */ = {isa = PBXBuildFile; fileRef = E13A162F1C082B4E0060BA9B /* LCTableViewPickerControl.m */; };
		E16E6B4B1C0C0E7A002DABCA /* JSONKit.m in Sources */ = {isa = PBXBuildFile; fileRef = E16E6B4A1C0C0E7A002DABCA /* JSONKit.m */; settings = {COMPILER_FLAGS = "-fno-objc-arc"; }; };
		E1BA2B721C069A7700866DE5 /* Reachability.m in Sources */ = {isa = PBXBuildFile; fileRef = E1BA2B711C069A7700866DE5 /* Reachability.m */; };
		E1BA2B8F1C06D0E200866DE5 /* JRSegmentControl.m in Sources */ = {isa = PBXBuildFile; fileRef = E1BA2B8C1C06D0E200866DE5 /* JRSegmentControl.m */; };
		E1BA2B901C06D0E200866DE5 /* JRSegmentViewController.m in Sources */ = {isa = PBXBuildFile; fileRef = E1BA2B8E1C06D0E200866DE5 /* JRSegmentViewController.m */; };
		E1BA2B991C06D1C600866DE5 /* First_ViewController.m in Sources */ = {isa = PBXBuildFile; fileRef = E1BA2B921C06D1C600866DE5 /* First_ViewController.m */; };
		E1BA2B9A1C06D1C600866DE5 /* Forth_ViewController.m in Sources */ = {isa = PBXBuildFile; fileRef = E1BA2B941C06D1C600866DE5 /* Forth_ViewController.m */; };
		E1BA2B9B1C06D1C600866DE5 /* Second_ViewController.m in Sources */ = {isa = PBXBuildFile; fileRef = E1BA2B961C06D1C600866DE5 /* Second_ViewController.m */; };
		E1BA2B9C1C06D1C600866DE5 /* Third_ViewController.m in Sources */ = {isa = PBXBuildFile; fileRef = E1BA2B981C06D1C600866DE5 /* Third_ViewController.m */; };
		E1BA2BCA1C06FA7000866DE5 /* MJRefreshAutoFooter.m in Sources */ = {isa = PBXBuildFile; fileRef = E1BA2BA01C06FA7000866DE5 /* MJRefreshAutoFooter.m */; };
		E1BA2BCB1C06FA7000866DE5 /* MJRefreshBackFooter.m in Sources */ = {isa = PBXBuildFile; fileRef = E1BA2BA21C06FA7000866DE5 /* MJRefreshBackFooter.m */; };
		E1BA2BCC1C06FA7000866DE5 /* MJRefreshComponent.m in Sources */ = {isa = PBXBuildFile; fileRef = E1BA2BA41C06FA7000866DE5 /* MJRefreshComponent.m */; };
		E1BA2BCD1C06FA7000866DE5 /* MJRefreshFooter.m in Sources */ = {isa = PBXBuildFile; fileRef = E1BA2BA61C06FA7000866DE5 /* MJRefreshFooter.m */; };
		E1BA2BCE1C06FA7000866DE5 /* MJRefreshHeader.m in Sources */ = {isa = PBXBuildFile; fileRef = E1BA2BA81C06FA7000866DE5 /* MJRefreshHeader.m */; };
		E1BA2BCF1C06FA7000866DE5 /* MJRefreshAutoGifFooter.m in Sources */ = {isa = PBXBuildFile; fileRef = E1BA2BAD1C06FA7000866DE5 /* MJRefreshAutoGifFooter.m */; };
		E1BA2BD01C06FA7000866DE5 /* MJRefreshAutoNormalFooter.m in Sources */ = {isa = PBXBuildFile; fileRef = E1BA2BAF1C06FA7000866DE5 /* MJRefreshAutoNormalFooter.m */; };
		E1BA2BD11C06FA7000866DE5 /* MJRefreshAutoStateFooter.m in Sources */ = {isa = PBXBuildFile; fileRef = E1BA2BB11C06FA7000866DE5 /* MJRefreshAutoStateFooter.m */; };
		E1BA2BD21C06FA7000866DE5 /* MJRefreshBackGifFooter.m in Sources */ = {isa = PBXBuildFile; fileRef = E1BA2BB41C06FA7000866DE5 /* MJRefreshBackGifFooter.m */; };
		E1BA2BD31C06FA7000866DE5 /* MJRefreshBackNormalFooter.m in Sources */ = {isa = PBXBuildFile; fileRef = E1BA2BB61C06FA7000866DE5 /* MJRefreshBackNormalFooter.m */; };
		E1BA2BD41C06FA7000866DE5 /* MJRefreshBackStateFooter.m in Sources */ = {isa = PBXBuildFile; fileRef = E1BA2BB81C06FA7000866DE5 /* MJRefreshBackStateFooter.m */; };
		E1BA2BD51C06FA7000866DE5 /* MJRefreshGifHeader.m in Sources */ = {isa = PBXBuildFile; fileRef = E1BA2BBB1C06FA7000866DE5 /* MJRefreshGifHeader.m */; };
		E1BA2BD61C06FA7000866DE5 /* MJRefreshNormalHeader.m in Sources */ = {isa = PBXBuildFile; fileRef = E1BA2BBD1C06FA7000866DE5 /* MJRefreshNormalHeader.m */; };
		E1BA2BD71C06FA7000866DE5 /* MJRefreshStateHeader.m in Sources */ = {isa = PBXBuildFile; fileRef = E1BA2BBF1C06FA7000866DE5 /* MJRefreshStateHeader.m */; };
		E1BA2BD81C06FA7000866DE5 /* MJRefresh.bundle in Resources */ = {isa = PBXBuildFile; fileRef = E1BA2BC01C06FA7000866DE5 /* MJRefresh.bundle */; };
		E1BA2BD91C06FA7000866DE5 /* MJRefreshConst.m in Sources */ = {isa = PBXBuildFile; fileRef = E1BA2BC31C06FA7000866DE5 /* MJRefreshConst.m */; };
		E1BA2BDA1C06FA7000866DE5 /* UIScrollView+MJExtension.m in Sources */ = {isa = PBXBuildFile; fileRef = E1BA2BC51C06FA7000866DE5 /* UIScrollView+MJExtension.m */; };
		E1BA2BDB1C06FA7000866DE5 /* UIScrollView+MJRefresh.m in Sources */ = {isa = PBXBuildFile; fileRef = E1BA2BC71C06FA7000866DE5 /* UIScrollView+MJRefresh.m */; };
		E1BA2BDC1C06FA7000866DE5 /* UIView+MJExtension.m in Sources */ = {isa = PBXBuildFile; fileRef = E1BA2BC91C06FA7000866DE5 /* UIView+MJExtension.m */; };
		E1D1F87D1C068F3F00229D48 /* main.m in Sources */ = {isa = PBXBuildFile; fileRef = E1D1F87C1C068F3F00229D48 /* main.m */; };
		E1D1F8801C068F3F00229D48 /* AppDelegate.m in Sources */ = {isa = PBXBuildFile; fileRef = E1D1F87F1C068F3F00229D48 /* AppDelegate.m */; };
		E1D1F8861C068F3F00229D48 /* Main.storyboard in Resources */ = {isa = PBXBuildFile; fileRef = E1D1F8841C068F3F00229D48 /* Main.storyboard */; };
		E1D1F8881C068F3F00229D48 /* Images.xcassets in Resources */ = {isa = PBXBuildFile; fileRef = E1D1F8871C068F3F00229D48 /* Images.xcassets */; };
		E1D1F88B1C068F3F00229D48 /* LaunchScreen.xib in Resources */ = {isa = PBXBuildFile; fileRef = E1D1F8891C068F3F00229D48 /* LaunchScreen.xib */; };
		E1D1F8971C068F3F00229D48 /* E__Tests.m in Sources */ = {isa = PBXBuildFile; fileRef = E1D1F8961C068F3F00229D48 /* E__Tests.m */; };
		E1D1F8AF1C06968900229D48 /* BaoMing_ViewController.m in Sources */ = {isa = PBXBuildFile; fileRef = E1D1F8A81C06968900229D48 /* BaoMing_ViewController.m */; };
		E1D1F8B01C06968900229D48 /* Home_ViewController.m in Sources */ = {isa = PBXBuildFile; fileRef = E1D1F8AA1C06968900229D48 /* Home_ViewController.m */; };
		E1D1F8B11C06968900229D48 /* Mail_ViewController.m in Sources */ = {isa = PBXBuildFile; fileRef = E1D1F8AC1C06968900229D48 /* Mail_ViewController.m */; };
		E1D1F8B21C06968900229D48 /* MyCenter_ViewController.m in Sources */ = {isa = PBXBuildFile; fileRef = E1D1F8AE1C06968900229D48 /* MyCenter_ViewController.m */; };
/* End PBXBuildFile section */

/* Begin PBXContainerItemProxy section */
		E1D1F8911C068F3F00229D48 /* PBXContainerItemProxy */ = {
			isa = PBXContainerItemProxy;
			containerPortal = E1D1F86F1C068F3F00229D48 /* Project object */;
			proxyType = 1;
			remoteGlobalIDString = E1D1F8761C068F3F00229D48;
			remoteInfo = "E校园";
		};
/* End PBXContainerItemProxy section */

/* Begin PBXFileReference section */
		0A95220097BE09A8302A5F83 /* libPods.a */ = {isa = PBXFileReference; explicitFileType = archive.ar; includeInIndex = 0; path = libPods.a; sourceTree = BUILT_PRODUCTS_DIR; };
		711F63D46938C3EFC8843231 /* Pods.debug.xcconfig */ = {isa = PBXFileReference; includeInIndex = 1; lastKnownFileType = text.xcconfig; name = Pods.debug.xcconfig; path = "Pods/Target Support Files/Pods/Pods.debug.xcconfig"; sourceTree = "<group>"; };
		BE962E71CABA627208FE2AFE /* Pods.release.xcconfig */ = {isa = PBXFileReference; includeInIndex = 1; lastKnownFileType = text.xcconfig; name = Pods.release.xcconfig; path = "Pods/Target Support Files/Pods/Pods.release.xcconfig"; sourceTree = "<group>"; };
		E10703851C0BDC1100100095 /* MBProgressHUD.h */ = {isa = PBXFileReference; fileEncoding = 4; lastKnownFileType = sourcecode.c.h; name = MBProgressHUD.h; path = JRSegmentControl/MBProgressHUD.h; sourceTree = "<group>"; };
		E10703861C0BDC1100100095 /* MBProgressHUD.m */ = {isa = PBXFileReference; fileEncoding = 4; lastKnownFileType = sourcecode.c.objc; name = MBProgressHUD.m; path = JRSegmentControl/MBProgressHUD.m; sourceTree = "<group>"; };
		E13A161C1C07E8A20060BA9B /* Setting_ViewController.h */ = {isa = PBXFileReference; fileEncoding = 4; lastKnownFileType = sourcecode.c.h; path = Setting_ViewController.h; sourceTree = "<group>"; };
		E13A161D1C07E8A20060BA9B /* Setting_ViewController.m */ = {isa = PBXFileReference; fileEncoding = 4; lastKnownFileType = sourcecode.c.objc; path = Setting_ViewController.m; sourceTree = "<group>"; };
		E13A16201C07F4F40060BA9B /* AboutMe_ViewController.h */ = {isa = PBXFileReference; fileEncoding = 4; lastKnownFileType = sourcecode.c.h; path = AboutMe_ViewController.h; sourceTree = "<group>"; };
		E13A16211C07F4F40060BA9B /* AboutMe_ViewController.m */ = {isa = PBXFileReference; fileEncoding = 4; lastKnownFileType = sourcecode.c.objc; path = AboutMe_ViewController.m; sourceTree = "<group>"; };
		E13A16221C07F4F40060BA9B /* Modify_ViewController.h */ = {isa = PBXFileReference; fileEncoding = 4; lastKnownFileType = sourcecode.c.h; path = Modify_ViewController.h; sourceTree = "<group>"; };
		E13A16231C07F4F40060BA9B /* Modify_ViewController.m */ = {isa = PBXFileReference; fileEncoding = 4; lastKnownFileType = sourcecode.c.objc; path = Modify_ViewController.m; sourceTree = "<group>"; };
		E13A16261C0801510060BA9B /* 大学生之家.jpg */ = {isa = PBXFileReference; lastKnownFileType = image.jpeg; path = "大学生之家.jpg"; sourceTree = "<group>"; };
		E13A16281C080B5B0060BA9B /* Login_ViewController.h */ = {isa = PBXFileReference; fileEncoding = 4; lastKnownFileType = sourcecode.c.h; path = Login_ViewController.h; sourceTree = "<group>"; };
		E13A16291C080B5B0060BA9B /* Login_ViewController.m */ = {isa = PBXFileReference; fileEncoding = 4; lastKnownFileType = sourcecode.c.objc; path = Login_ViewController.m; sourceTree = "<group>"; };
		E13A162B1C080B800060BA9B /* Register_ViewController.h */ = {isa = PBXFileReference; fileEncoding = 4; lastKnownFileType = sourcecode.c.h; path = Register_ViewController.h; sourceTree = "<group>"; };
		E13A162C1C080B800060BA9B /* Register_ViewController.m */ = {isa = PBXFileReference; fileEncoding = 4; lastKnownFileType = sourcecode.c.objc; path = Register_ViewController.m; sourceTree = "<group>"; };
		E13A162E1C082B4E0060BA9B /* LCTableViewPickerControl.h */ = {isa = PBXFileReference; fileEncoding = 4; lastKnownFileType = sourcecode.c.h; path = LCTableViewPickerControl.h; sourceTree = "<group>"; };
		E13A162F1C082B4E0060BA9B /* LCTableViewPickerControl.m */ = {isa = PBXFileReference; fileEncoding = 4; lastKnownFileType = sourcecode.c.objc; path = LCTableViewPickerControl.m; sourceTree = "<group>"; };
		E16E6B491C0C0E7A002DABCA /* JSONKit.h */ = {isa = PBXFileReference; fileEncoding = 4; lastKnownFileType = sourcecode.c.h; path = JSONKit.h; sourceTree = "<group>"; };
		E16E6B4A1C0C0E7A002DABCA /* JSONKit.m */ = {isa = PBXFileReference; fileEncoding = 4; lastKnownFileType = sourcecode.c.objc; path = JSONKit.m; sourceTree = "<group>"; };
		E1BA2B701C069A7700866DE5 /* Reachability.h */ = {isa = PBXFileReference; fileEncoding = 4; lastKnownFileType = sourcecode.c.h; path = Reachability.h; sourceTree = "<group>"; };
		E1BA2B711C069A7700866DE5 /* Reachability.m */ = {isa = PBXFileReference; fileEncoding = 4; lastKnownFileType = sourcecode.c.objc; path = Reachability.m; sourceTree = "<group>"; };
		E1BA2B8B1C06D0E200866DE5 /* JRSegmentControl.h */ = {isa = PBXFileReference; fileEncoding = 4; lastKnownFileType = sourcecode.c.h; path = JRSegmentControl.h; sourceTree = "<group>"; };
		E1BA2B8C1C06D0E200866DE5 /* JRSegmentControl.m */ = {isa = PBXFileReference; fileEncoding = 4; lastKnownFileType = sourcecode.c.objc; path = JRSegmentControl.m; sourceTree = "<group>"; };
		E1BA2B8D1C06D0E200866DE5 /* JRSegmentViewController.h */ = {isa = PBXFileReference; fileEncoding = 4; lastKnownFileType = sourcecode.c.h; path = JRSegmentViewController.h; sourceTree = "<group>"; };
		E1BA2B8E1C06D0E200866DE5 /* JRSegmentViewController.m */ = {isa = PBXFileReference; fileEncoding = 4; lastKnownFileType = sourcecode.c.objc; path = JRSegmentViewController.m; sourceTree = "<group>"; };
		E1BA2B911C06D1C600866DE5 /* First_ViewController.h */ = {isa = PBXFileReference; fileEncoding = 4; lastKnownFileType = sourcecode.c.h; path = First_ViewController.h; sourceTree = "<group>"; };
		E1BA2B921C06D1C600866DE5 /* First_ViewController.m */ = {isa = PBXFileReference; fileEncoding = 4; lastKnownFileType = sourcecode.c.objc; path = First_ViewController.m; sourceTree = "<group>"; };
		E1BA2B931C06D1C600866DE5 /* Forth_ViewController.h */ = {isa = PBXFileReference; fileEncoding = 4; lastKnownFileType = sourcecode.c.h; path = Forth_ViewController.h; sourceTree = "<group>"; };
		E1BA2B941C06D1C600866DE5 /* Forth_ViewController.m */ = {isa = PBXFileReference; fileEncoding = 4; lastKnownFileType = sourcecode.c.objc; path = Forth_ViewController.m; sourceTree = "<group>"; };
		E1BA2B951C06D1C600866DE5 /* Second_ViewController.h */ = {isa = PBXFileReference; fileEncoding = 4; lastKnownFileType = sourcecode.c.h; path = Second_ViewController.h; sourceTree = "<group>"; };
		E1BA2B961C06D1C600866DE5 /* Second_ViewController.m */ = {isa = PBXFileReference; fileEncoding = 4; lastKnownFileType = sourcecode.c.objc; path = Second_ViewController.m; sourceTree = "<group>"; };
		E1BA2B971C06D1C600866DE5 /* Third_ViewController.h */ = {isa = PBXFileReference; fileEncoding = 4; lastKnownFileType = sourcecode.c.h; path = Third_ViewController.h; sourceTree = "<group>"; };
		E1BA2B981C06D1C600866DE5 /* Third_ViewController.m */ = {isa = PBXFileReference; fileEncoding = 4; lastKnownFileType = sourcecode.c.objc; path = Third_ViewController.m; sourceTree = "<group>"; };
		E1BA2B9F1C06FA7000866DE5 /* MJRefreshAutoFooter.h */ = {isa = PBXFileReference; fileEncoding = 4; lastKnownFileType = sourcecode.c.h; path = MJRefreshAutoFooter.h; sourceTree = "<group>"; };
		E1BA2BA01C06FA7000866DE5 /* MJRefreshAutoFooter.m */ = {isa = PBXFileReference; fileEncoding = 4; lastKnownFileType = sourcecode.c.objc; path = MJRefreshAutoFooter.m; sourceTree = "<group>"; };
		E1BA2BA11C06FA7000866DE5 /* MJRefreshBackFooter.h */ = {isa = PBXFileReference; fileEncoding = 4; lastKnownFileType = sourcecode.c.h; path = MJRefreshBackFooter.h; sourceTree = "<group>"; };
		E1BA2BA21C06FA7000866DE5 /* MJRefreshBackFooter.m */ = {isa = PBXFileReference; fileEncoding = 4; lastKnownFileType = sourcecode.c.objc; path = MJRefreshBackFooter.m; sourceTree = "<group>"; };
		E1BA2BA31C06FA7000866DE5 /* MJRefreshComponent.h */ = {isa = PBXFileReference; fileEncoding = 4; lastKnownFileType = sourcecode.c.h; path = MJRefreshComponent.h; sourceTree = "<group>"; };
		E1BA2BA41C06FA7000866DE5 /* MJRefreshComponent.m */ = {isa = PBXFileReference; fileEncoding = 4; lastKnownFileType = sourcecode.c.objc; path = MJRefreshComponent.m; sourceTree = "<group>"; };
		E1BA2BA51C06FA7000866DE5 /* MJRefreshFooter.h */ = {isa = PBXFileReference; fileEncoding = 4; lastKnownFileType = sourcecode.c.h; path = MJRefreshFooter.h; sourceTree = "<group>"; };
		E1BA2BA61C06FA7000866DE5 /* MJRefreshFooter.m */ = {isa = PBXFileReference; fileEncoding = 4; lastKnownFileType = sourcecode.c.objc; path = MJRefreshFooter.m; sourceTree = "<group>"; };
		E1BA2BA71C06FA7000866DE5 /* MJRefreshHeader.h */ = {isa = PBXFileReference; fileEncoding = 4; lastKnownFileType = sourcecode.c.h; path = MJRefreshHeader.h; sourceTree = "<group>"; };
		E1BA2BA81C06FA7000866DE5 /* MJRefreshHeader.m */ = {isa = PBXFileReference; fileEncoding = 4; lastKnownFileType = sourcecode.c.objc; path = MJRefreshHeader.m; sourceTree = "<group>"; };
		E1BA2BAC1C06FA7000866DE5 /* MJRefreshAutoGifFooter.h */ = {isa = PBXFileReference; fileEncoding = 4; lastKnownFileType = sourcecode.c.h; path = MJRefreshAutoGifFooter.h; sourceTree = "<group>"; };
		E1BA2BAD1C06FA7000866DE5 /* MJRefreshAutoGifFooter.m */ = {isa = PBXFileReference; fileEncoding = 4; lastKnownFileType = sourcecode.c.objc; path = MJRefreshAutoGifFooter.m; sourceTree = "<group>"; };
		E1BA2BAE1C06FA7000866DE5 /* MJRefreshAutoNormalFooter.h */ = {isa = PBXFileReference; fileEncoding = 4; lastKnownFileType = sourcecode.c.h; path = MJRefreshAutoNormalFooter.h; sourceTree = "<group>"; };
		E1BA2BAF1C06FA7000866DE5 /* MJRefreshAutoNormalFooter.m */ = {isa = PBXFileReference; fileEncoding = 4; lastKnownFileType = sourcecode.c.objc; path = MJRefreshAutoNormalFooter.m; sourceTree = "<group>"; };
		E1BA2BB01C06FA7000866DE5 /* MJRefreshAutoStateFooter.h */ = {isa = PBXFileReference; fileEncoding = 4; lastKnownFileType = sourcecode.c.h; path = MJRefreshAutoStateFooter.h; sourceTree = "<group>"; };
		E1BA2BB11C06FA7000866DE5 /* MJRefreshAutoStateFooter.m */ = {isa = PBXFileReference; fileEncoding = 4; lastKnownFileType = sourcecode.c.objc; path = MJRefreshAutoStateFooter.m; sourceTree = "<group>"; };
		E1BA2BB31C06FA7000866DE5 /* MJRefreshBackGifFooter.h */ = {isa = PBXFileReference; fileEncoding = 4; lastKnownFileType = sourcecode.c.h; path = MJRefreshBackGifFooter.h; sourceTree = "<group>"; };
		E1BA2BB41C06FA7000866DE5 /* MJRefreshBackGifFooter.m */ = {isa = PBXFileReference; fileEncoding = 4; lastKnownFileType = sourcecode.c.objc; path = MJRefreshBackGifFooter.m; sourceTree = "<group>"; };
		E1BA2BB51C06FA7000866DE5 /* MJRefreshBackNormalFooter.h */ = {isa = PBXFileReference; fileEncoding = 4; lastKnownFileType = sourcecode.c.h; path = MJRefreshBackNormalFooter.h; sourceTree = "<group>"; };
		E1BA2BB61C06FA7000866DE5 /* MJRefreshBackNormalFooter.m */ = {isa = PBXFileReference; fileEncoding = 4; lastKnownFileType = sourcecode.c.objc; path = MJRefreshBackNormalFooter.m; sourceTree = "<group>"; };
		E1BA2BB71C06FA7000866DE5 /* MJRefreshBackStateFooter.h */ = {isa = PBXFileReference; fileEncoding = 4; lastKnownFileType = sourcecode.c.h; path = MJRefreshBackStateFooter.h; sourceTree = "<group>"; };
		E1BA2BB81C06FA7000866DE5 /* MJRefreshBackStateFooter.m */ = {isa = PBXFileReference; fileEncoding = 4; lastKnownFileType = sourcecode.c.objc; path = MJRefreshBackStateFooter.m; sourceTree = "<group>"; };
		E1BA2BBA1C06FA7000866DE5 /* MJRefreshGifHeader.h */ = {isa = PBXFileReference; fileEncoding = 4; lastKnownFileType = sourcecode.c.h; path = MJRefreshGifHeader.h; sourceTree = "<group>"; };
		E1BA2BBB1C06FA7000866DE5 /* MJRefreshGifHeader.m */ = {isa = PBXFileReference; fileEncoding = 4; lastKnownFileType = sourcecode.c.objc; path = MJRefreshGifHeader.m; sourceTree = "<group>"; };
		E1BA2BBC1C06FA7000866DE5 /* MJRefreshNormalHeader.h */ = {isa = PBXFileReference; fileEncoding = 4; lastKnownFileType = sourcecode.c.h; path = MJRefreshNormalHeader.h; sourceTree = "<group>"; };
		E1BA2BBD1C06FA7000866DE5 /* MJRefreshNormalHeader.m */ = {isa = PBXFileReference; fileEncoding = 4; lastKnownFileType = sourcecode.c.objc; path = MJRefreshNormalHeader.m; sourceTree = "<group>"; };
		E1BA2BBE1C06FA7000866DE5 /* MJRefreshStateHeader.h */ = {isa = PBXFileReference; fileEncoding = 4; lastKnownFileType = sourcecode.c.h; path = MJRefreshStateHeader.h; sourceTree = "<group>"; };
		E1BA2BBF1C06FA7000866DE5 /* MJRefreshStateHeader.m */ = {isa = PBXFileReference; fileEncoding = 4; lastKnownFileType = sourcecode.c.objc; path = MJRefreshStateHeader.m; sourceTree = "<group>"; };
		E1BA2BC01C06FA7000866DE5 /* MJRefresh.bundle */ = {isa = PBXFileReference; lastKnownFileType = "wrapper.plug-in"; path = MJRefresh.bundle; sourceTree = "<group>"; };
		E1BA2BC11C06FA7000866DE5 /* MJRefresh.h */ = {isa = PBXFileReference; fileEncoding = 4; lastKnownFileType = sourcecode.c.h; path = MJRefresh.h; sourceTree = "<group>"; };
		E1BA2BC21C06FA7000866DE5 /* MJRefreshConst.h */ = {isa = PBXFileReference; fileEncoding = 4; lastKnownFileType = sourcecode.c.h; path = MJRefreshConst.h; sourceTree = "<group>"; };
		E1BA2BC31C06FA7000866DE5 /* MJRefreshConst.m */ = {isa = PBXFileReference; fileEncoding = 4; lastKnownFileType = sourcecode.c.objc; path = MJRefreshConst.m; sourceTree = "<group>"; };
		E1BA2BC41C06FA7000866DE5 /* UIScrollView+MJExtension.h */ = {isa = PBXFileReference; fileEncoding = 4; lastKnownFileType = sourcecode.c.h; path = "UIScrollView+MJExtension.h"; sourceTree = "<group>"; };
		E1BA2BC51C06FA7000866DE5 /* UIScrollView+MJExtension.m */ = {isa = PBXFileReference; fileEncoding = 4; lastKnownFileType = sourcecode.c.objc; path = "UIScrollView+MJExtension.m"; sourceTree = "<group>"; };
		E1BA2BC61C06FA7000866DE5 /* UIScrollView+MJRefresh.h */ = {isa = PBXFileReference; fileEncoding = 4; lastKnownFileType = sourcecode.c.h; path = "UIScrollView+MJRefresh.h"; sourceTree = "<group>"; };
		E1BA2BC71C06FA7000866DE5 /* UIScrollView+MJRefresh.m */ = {isa = PBXFileReference; fileEncoding = 4; lastKnownFileType = sourcecode.c.objc; path = "UIScrollView+MJRefresh.m"; sourceTree = "<group>"; };
		E1BA2BC81C06FA7000866DE5 /* UIView+MJExtension.h */ = {isa = PBXFileReference; fileEncoding = 4; lastKnownFileType = sourcecode.c.h; path = "UIView+MJExtension.h"; sourceTree = "<group>"; };
		E1BA2BC91C06FA7000866DE5 /* UIView+MJExtension.m */ = {isa = PBXFileReference; fileEncoding = 4; lastKnownFileType = sourcecode.c.objc; path = "UIView+MJExtension.m"; sourceTree = "<group>"; };
		E1D1F8771C068F3F00229D48 /* E校园.app */ = {isa = PBXFileReference; explicitFileType = wrapper.application; includeInIndex = 0; path = "E校园.app"; sourceTree = BUILT_PRODUCTS_DIR; };
		E1D1F87B1C068F3F00229D48 /* Info.plist */ = {isa = PBXFileReference; lastKnownFileType = text.plist.xml; path = Info.plist; sourceTree = "<group>"; };
		E1D1F87C1C068F3F00229D48 /* main.m */ = {isa = PBXFileReference; lastKnownFileType = sourcecode.c.objc; path = main.m; sourceTree = "<group>"; };
		E1D1F87E1C068F3F00229D48 /* AppDelegate.h */ = {isa = PBXFileReference; lastKnownFileType = sourcecode.c.h; path = AppDelegate.h; sourceTree = "<group>"; };
		E1D1F87F1C068F3F00229D48 /* AppDelegate.m */ = {isa = PBXFileReference; lastKnownFileType = sourcecode.c.objc; path = AppDelegate.m; sourceTree = "<group>"; };
		E1D1F8851C068F3F00229D48 /* Base */ = {isa = PBXFileReference; lastKnownFileType = file.storyboard; name = Base; path = Base.lproj/Main.storyboard; sourceTree = "<group>"; };
		E1D1F8871C068F3F00229D48 /* Images.xcassets */ = {isa = PBXFileReference; lastKnownFileType = folder.assetcatalog; path = Images.xcassets; sourceTree = "<group>"; };
		E1D1F88A1C068F3F00229D48 /* Base */ = {isa = PBXFileReference; lastKnownFileType = file.xib; name = Base; path = Base.lproj/LaunchScreen.xib; sourceTree = "<group>"; };
		E1D1F8901C068F3F00229D48 /* E校园Tests.xctest */ = {isa = PBXFileReference; explicitFileType = wrapper.cfbundle; includeInIndex = 0; path = "E校园Tests.xctest"; sourceTree = BUILT_PRODUCTS_DIR; };
		E1D1F8951C068F3F00229D48 /* Info.plist */ = {isa = PBXFileReference; lastKnownFileType = text.plist.xml; path = Info.plist; sourceTree = "<group>"; };
		E1D1F8961C068F3F00229D48 /* E__Tests.m */ = {isa = PBXFileReference; lastKnownFileType = sourcecode.c.objc; path = E__Tests.m; sourceTree = "<group>"; };
		E1D1F8A71C06968900229D48 /* BaoMing_ViewController.h */ = {isa = PBXFileReference; fileEncoding = 4; lastKnownFileType = sourcecode.c.h; path = BaoMing_ViewController.h; sourceTree = "<group>"; };
		E1D1F8A81C06968900229D48 /* BaoMing_ViewController.m */ = {isa = PBXFileReference; fileEncoding = 4; lastKnownFileType = sourcecode.c.objc; path = BaoMing_ViewController.m; sourceTree = "<group>"; };
		E1D1F8A91C06968900229D48 /* Home_ViewController.h */ = {isa = PBXFileReference; fileEncoding = 4; lastKnownFileType = sourcecode.c.h; path = Home_ViewController.h; sourceTree = "<group>"; };
		E1D1F8AA1C06968900229D48 /* Home_ViewController.m */ = {isa = PBXFileReference; fileEncoding = 4; lastKnownFileType = sourcecode.c.objc; path = Home_ViewController.m; sourceTree = "<group>"; };
		E1D1F8AB1C06968900229D48 /* Mail_ViewController.h */ = {isa = PBXFileReference; fileEncoding = 4; lastKnownFileType = sourcecode.c.h; path = Mail_ViewController.h; sourceTree = "<group>"; };
		E1D1F8AC1C06968900229D48 /* Mail_ViewController.m */ = {isa = PBXFileReference; fileEncoding = 4; lastKnownFileType = sourcecode.c.objc; path = Mail_ViewController.m; sourceTree = "<group>"; };
		E1D1F8AD1C06968900229D48 /* MyCenter_ViewController.h */ = {isa = PBXFileReference; fileEncoding = 4; lastKnownFileType = sourcecode.c.h; path = MyCenter_ViewController.h; sourceTree = "<group>"; };
		E1D1F8AE1C06968900229D48 /* MyCenter_ViewController.m */ = {isa = PBXFileReference; fileEncoding = 4; lastKnownFileType = sourcecode.c.objc; path = MyCenter_ViewController.m; sourceTree = "<group>"; };
/* End PBXFileReference section */

/* Begin PBXFrameworksBuildPhase section */
		E1D1F8741C068F3F00229D48 /* Frameworks */ = {
			isa = PBXFrameworksBuildPhase;
			buildActionMask = 2147483647;
			files = (
				9F89F1864EEAB14A742CA2F5 /* libPods.a in Frameworks */,
			);
			runOnlyForDeploymentPostprocessing = 0;
		};
		E1D1F88D1C068F3F00229D48 /* Frameworks */ = {
			isa = PBXFrameworksBuildPhase;
			buildActionMask = 2147483647;
			files = (
			);
			runOnlyForDeploymentPostprocessing = 0;
		};
/* End PBXFrameworksBuildPhase section */

/* Begin PBXGroup section */
		200DA2CAB5C25DD4C0AAE706 /* Frameworks */ = {
			isa = PBXGroup;
			children = (
				0A95220097BE09A8302A5F83 /* libPods.a */,
			);
			name = Frameworks;
			sourceTree = "<group>";
		};
		E13A161F1C07F4960060BA9B /* Setting */ = {
			isa = PBXGroup;
			children = (
				E13A16221C07F4F40060BA9B /* Modify_ViewController.h */,
				E13A16231C07F4F40060BA9B /* Modify_ViewController.m */,
				E13A16201C07F4F40060BA9B /* AboutMe_ViewController.h */,
				E13A16211C07F4F40060BA9B /* AboutMe_ViewController.m */,
			);
			path = Setting;
			sourceTree = "<group>";
		};
		E1BA2B6F1C069A7700866DE5 /* Unitls */ = {
			isa = PBXGroup;
			children = (
				E16E6B491C0C0E7A002DABCA /* JSONKit.h */,
				E16E6B4A1C0C0E7A002DABCA /* JSONKit.m */,
				E10703851C0BDC1100100095 /* MBProgressHUD.h */,
				E10703861C0BDC1100100095 /* MBProgressHUD.m */,
				E13A162E1C082B4E0060BA9B /* LCTableViewPickerControl.h */,
				E13A162F1C082B4E0060BA9B /* LCTableViewPickerControl.m */,
				E1BA2B9D1C06FA7000866DE5 /* MJRefresh */,
				E1BA2B8A1C06D0E200866DE5 /* JRSegmentControl */,
				E1BA2B701C069A7700866DE5 /* Reachability.h */,
				E1BA2B711C069A7700866DE5 /* Reachability.m */,
			);
			name = Unitls;
			path = View/Unitls;
			sourceTree = "<group>";
		};
		E1BA2B8A1C06D0E200866DE5 /* JRSegmentControl */ = {
			isa = PBXGroup;
			children = (
				E1BA2B8B1C06D0E200866DE5 /* JRSegmentControl.h */,
				E1BA2B8C1C06D0E200866DE5 /* JRSegmentControl.m */,
				E1BA2B8D1C06D0E200866DE5 /* JRSegmentViewController.h */,
				E1BA2B8E1C06D0E200866DE5 /* JRSegmentViewController.m */,
			);
			path = JRSegmentControl;
			sourceTree = "<group>";
		};
		E1BA2B9D1C06FA7000866DE5 /* MJRefresh */ = {
			isa = PBXGroup;
			children = (
				E1BA2B9E1C06FA7000866DE5 /* Base */,
				E1BA2BA91C06FA7000866DE5 /* Custom */,
				E1BA2BC01C06FA7000866DE5 /* MJRefresh.bundle */,
				E1BA2BC11C06FA7000866DE5 /* MJRefresh.h */,
				E1BA2BC21C06FA7000866DE5 /* MJRefreshConst.h */,
				E1BA2BC31C06FA7000866DE5 /* MJRefreshConst.m */,
				E1BA2BC41C06FA7000866DE5 /* UIScrollView+MJExtension.h */,
				E1BA2BC51C06FA7000866DE5 /* UIScrollView+MJExtension.m */,
				E1BA2BC61C06FA7000866DE5 /* UIScrollView+MJRefresh.h */,
				E1BA2BC71C06FA7000866DE5 /* UIScrollView+MJRefresh.m */,
				E1BA2BC81C06FA7000866DE5 /* UIView+MJExtension.h */,
				E1BA2BC91C06FA7000866DE5 /* UIView+MJExtension.m */,
			);
			path = MJRefresh;
			sourceTree = "<group>";
		};
		E1BA2B9E1C06FA7000866DE5 /* Base */ = {
			isa = PBXGroup;
			children = (
				E1BA2B9F1C06FA7000866DE5 /* MJRefreshAutoFooter.h */,
				E1BA2BA01C06FA7000866DE5 /* MJRefreshAutoFooter.m */,
				E1BA2BA11C06FA7000866DE5 /* MJRefreshBackFooter.h */,
				E1BA2BA21C06FA7000866DE5 /* MJRefreshBackFooter.m */,
				E1BA2BA31C06FA7000866DE5 /* MJRefreshComponent.h */,
				E1BA2BA41C06FA7000866DE5 /* MJRefreshComponent.m */,
				E1BA2BA51C06FA7000866DE5 /* MJRefreshFooter.h */,
				E1BA2BA61C06FA7000866DE5 /* MJRefreshFooter.m */,
				E1BA2BA71C06FA7000866DE5 /* MJRefreshHeader.h */,
				E1BA2BA81C06FA7000866DE5 /* MJRefreshHeader.m */,
			);
			path = Base;
			sourceTree = "<group>";
		};
		E1BA2BA91C06FA7000866DE5 /* Custom */ = {
			isa = PBXGroup;
			children = (
				E1BA2BAA1C06FA7000866DE5 /* Footer */,
				E1BA2BB91C06FA7000866DE5 /* Header */,
			);
			path = Custom;
			sourceTree = "<group>";
		};
		E1BA2BAA1C06FA7000866DE5 /* Footer */ = {
			isa = PBXGroup;
			children = (
				E1BA2BAB1C06FA7000866DE5 /* Auto */,
				E1BA2BB21C06FA7000866DE5 /* Back */,
			);
			path = Footer;
			sourceTree = "<group>";
		};
		E1BA2BAB1C06FA7000866DE5 /* Auto */ = {
			isa = PBXGroup;
			children = (
				E1BA2BAC1C06FA7000866DE5 /* MJRefreshAutoGifFooter.h */,
				E1BA2BAD1C06FA7000866DE5 /* MJRefreshAutoGifFooter.m */,
				E1BA2BAE1C06FA7000866DE5 /* MJRefreshAutoNormalFooter.h */,
				E1BA2BAF1C06FA7000866DE5 /* MJRefreshAutoNormalFooter.m */,
				E1BA2BB01C06FA7000866DE5 /* MJRefreshAutoStateFooter.h */,
				E1BA2BB11C06FA7000866DE5 /* MJRefreshAutoStateFooter.m */,
			);
			path = Auto;
			sourceTree = "<group>";
		};
		E1BA2BB21C06FA7000866DE5 /* Back */ = {
			isa = PBXGroup;
			children = (
				E1BA2BB31C06FA7000866DE5 /* MJRefreshBackGifFooter.h */,
				E1BA2BB41C06FA7000866DE5 /* MJRefreshBackGifFooter.m */,
				E1BA2BB51C06FA7000866DE5 /* MJRefreshBackNormalFooter.h */,
				E1BA2BB61C06FA7000866DE5 /* MJRefreshBackNormalFooter.m */,
				E1BA2BB71C06FA7000866DE5 /* MJRefreshBackStateFooter.h */,
				E1BA2BB81C06FA7000866DE5 /* MJRefreshBackStateFooter.m */,
			);
			path = Back;
			sourceTree = "<group>";
		};
		E1BA2BB91C06FA7000866DE5 /* Header */ = {
			isa = PBXGroup;
			children = (
				E1BA2BBA1C06FA7000866DE5 /* MJRefreshGifHeader.h */,
				E1BA2BBB1C06FA7000866DE5 /* MJRefreshGifHeader.m */,
				E1BA2BBC1C06FA7000866DE5 /* MJRefreshNormalHeader.h */,
				E1BA2BBD1C06FA7000866DE5 /* MJRefreshNormalHeader.m */,
				E1BA2BBE1C06FA7000866DE5 /* MJRefreshStateHeader.h */,
				E1BA2BBF1C06FA7000866DE5 /* MJRefreshStateHeader.m */,
			);
			path = Header;
			sourceTree = "<group>";
		};
		E1D1F86E1C068F3F00229D48 = {
			isa = PBXGroup;
			children = (
				E1D1F8791C068F3F00229D48 /* E校园 */,
				E1D1F8931C068F3F00229D48 /* E校园Tests */,
				E1D1F8781C068F3F00229D48 /* Products */,
				E849CEA37FBECA23FA081BE8 /* Pods */,
				200DA2CAB5C25DD4C0AAE706 /* Frameworks */,
			);
			sourceTree = "<group>";
		};
		E1D1F8781C068F3F00229D48 /* Products */ = {
			isa = PBXGroup;
			children = (
				E1D1F8771C068F3F00229D48 /* E校园.app */,
				E1D1F8901C068F3F00229D48 /* E校园Tests.xctest */,
			);
			name = Products;
			sourceTree = "<group>";
		};
		E1D1F8791C068F3F00229D48 /* E校园 */ = {
			isa = PBXGroup;
			children = (
				E1D1F8A01C06948400229D48 /* Controllrer */,
				E1D1F8A11C06948400229D48 /* Model */,
				E1D1F8A31C06948400229D48 /* View */,
				E1D1F87A1C068F3F00229D48 /* Supporting Files */,
			);
			path = "E校园";
			sourceTree = "<group>";
		};
		E1D1F87A1C068F3F00229D48 /* Supporting Files */ = {
			isa = PBXGroup;
			children = (
				E1D1F87E1C068F3F00229D48 /* AppDelegate.h */,
				E1D1F87F1C068F3F00229D48 /* AppDelegate.m */,
				E13A16261C0801510060BA9B /* 大学生之家.jpg */,
				E1D1F8841C068F3F00229D48 /* Main.storyboard */,
				E1BA2B6F1C069A7700866DE5 /* Unitls */,
				E1D1F8871C068F3F00229D48 /* Images.xcassets */,
				E1D1F8891C068F3F00229D48 /* LaunchScreen.xib */,
				E1D1F87B1C068F3F00229D48 /* Info.plist */,
				E1D1F87C1C068F3F00229D48 /* main.m */,
			);
			name = "Supporting Files";
			sourceTree = "<group>";
		};
		E1D1F8931C068F3F00229D48 /* E校园Tests */ = {
			isa = PBXGroup;
			children = (
				E1D1F8961C068F3F00229D48 /* E__Tests.m */,
				E1D1F8941C068F3F00229D48 /* Supporting Files */,
			);
			path = "E校园Tests";
			sourceTree = "<group>";
		};
		E1D1F8941C068F3F00229D48 /* Supporting Files */ = {
			isa = PBXGroup;
			children = (
				E1D1F8951C068F3F00229D48 /* Info.plist */,
			);
			name = "Supporting Files";
			sourceTree = "<group>";
		};
		E1D1F8A01C06948400229D48 /* Controllrer */ = {
			isa = PBXGroup;
			children = (
				E1D1F8A71C06968900229D48 /* BaoMing_ViewController.h */,
				E1D1F8A81C06968900229D48 /* BaoMing_ViewController.m */,
				E1D1F8A91C06968900229D48 /* Home_ViewController.h */,
				E1D1F8AA1C06968900229D48 /* Home_ViewController.m */,
				E1D1F8AB1C06968900229D48 /* Mail_ViewController.h */,
				E1D1F8AC1C06968900229D48 /* Mail_ViewController.m */,
				E1D1F8AD1C06968900229D48 /* MyCenter_ViewController.h */,
				E1D1F8AE1C06968900229D48 /* MyCenter_ViewController.m */,
			);
			path = Controllrer;
			sourceTree = "<group>";
		};
		E1D1F8A11C06948400229D48 /* Model */ = {
			isa = PBXGroup;
			children = (
			);
			path = Model;
			sourceTree = "<group>";
		};
		E1D1F8A31C06948400229D48 /* View */ = {
			isa = PBXGroup;
			children = (
				E13A16281C080B5B0060BA9B /* Login_ViewController.h */,
				E13A16291C080B5B0060BA9B /* Login_ViewController.m */,
				E13A162B1C080B800060BA9B /* Register_ViewController.h */,
				E13A162C1C080B800060BA9B /* Register_ViewController.m */,
				E1BA2B911C06D1C600866DE5 /* First_ViewController.h */,
				E1BA2B921C06D1C600866DE5 /* First_ViewController.m */,
				E1BA2B951C06D1C600866DE5 /* Second_ViewController.h */,
				E1BA2B961C06D1C600866DE5 /* Second_ViewController.m */,
				E1BA2B971C06D1C600866DE5 /* Third_ViewController.h */,
				E1BA2B981C06D1C600866DE5 /* Third_ViewController.m */,
				E1BA2B931C06D1C600866DE5 /* Forth_ViewController.h */,
				E1BA2B941C06D1C600866DE5 /* Forth_ViewController.m */,
				E13A161C1C07E8A20060BA9B /* Setting_ViewController.h */,
				E13A161D1C07E8A20060BA9B /* Setting_ViewController.m */,
				E13A161F1C07F4960060BA9B /* Setting */,
			);
			path = View;
			sourceTree = "<group>";
		};
		E849CEA37FBECA23FA081BE8 /* Pods */ = {
			isa = PBXGroup;
			children = (
				711F63D46938C3EFC8843231 /* Pods.debug.xcconfig */,
				BE962E71CABA627208FE2AFE /* Pods.release.xcconfig */,
			);
			name = Pods;
			sourceTree = "<group>";
		};
/* End PBXGroup section */

/* Begin PBXNativeTarget section */
		E1D1F8761C068F3F00229D48 /* E校园 */ = {
			isa = PBXNativeTarget;
			buildConfigurationList = E1D1F89A1C068F3F00229D48 /* Build configuration list for PBXNativeTarget "E校园" */;
			buildPhases = (
				07C42B7F2E3F1B5CAF72845C /* Check Pods Manifest.lock */,
				E1D1F8731C068F3F00229D48 /* Sources */,
				E1D1F8741C068F3F00229D48 /* Frameworks */,
				E1D1F8751C068F3F00229D48 /* Resources */,
				24EFC186FAE3459C8B26C215 /* Embed Pods Frameworks */,
				038D8ACABD4B95099CA49D9F /* Copy Pods Resources */,
			);
			buildRules = (
			);
			dependencies = (
			);
			name = "E校园";
			productName = "E校园";
			productReference = E1D1F8771C068F3F00229D48 /* E校园.app */;
			productType = "com.apple.product-type.application";
		};
		E1D1F88F1C068F3F00229D48 /* E校园Tests */ = {
			isa = PBXNativeTarget;
			buildConfigurationList = E1D1F89D1C068F3F00229D48 /* Build configuration list for PBXNativeTarget "E校园Tests" */;
			buildPhases = (
				E1D1F88C1C068F3F00229D48 /* Sources */,
				E1D1F88D1C068F3F00229D48 /* Frameworks */,
				E1D1F88E1C068F3F00229D48 /* Resources */,
			);
			buildRules = (
			);
			dependencies = (
				E1D1F8921C068F3F00229D48 /* PBXTargetDependency */,
			);
			name = "E校园Tests";
			productName = "E校园Tests";
			productReference = E1D1F8901C068F3F00229D48 /* E校园Tests.xctest */;
			productType = "com.apple.product-type.bundle.unit-test";
		};
/* End PBXNativeTarget section */

/* Begin PBXProject section */
		E1D1F86F1C068F3F00229D48 /* Project object */ = {
			isa = PBXProject;
			attributes = {
				LastUpgradeCheck = 0640;
				ORGANIZATIONNAME = yd;
				TargetAttributes = {
					E1D1F8761C068F3F00229D48 = {
						CreatedOnToolsVersion = 6.4;
					};
					E1D1F88F1C068F3F00229D48 = {
						CreatedOnToolsVersion = 6.4;
						TestTargetID = E1D1F8761C068F3F00229D48;
					};
				};
			};
			buildConfigurationList = E1D1F8721C068F3F00229D48 /* Build configuration list for PBXProject "E校园" */;
			compatibilityVersion = "Xcode 3.2";
			developmentRegion = English;
			hasScannedForEncodings = 0;
			knownRegions = (
				en,
				Base,
			);
			mainGroup = E1D1F86E1C068F3F00229D48;
			productRefGroup = E1D1F8781C068F3F00229D48 /* Products */;
			projectDirPath = "";
			projectRoot = "";
			targets = (
				E1D1F8761C068F3F00229D48 /* E校园 */,
				E1D1F88F1C068F3F00229D48 /* E校园Tests */,
			);
		};
/* End PBXProject section */

/* Begin PBXResourcesBuildPhase section */
		E1D1F8751C068F3F00229D48 /* Resources */ = {
			isa = PBXResourcesBuildPhase;
			buildActionMask = 2147483647;
			files = (
				E13A16271C0801510060BA9B /* 大学生之家.jpg in Resources */,
				E1D1F8861C068F3F00229D48 /* Main.storyboard in Resources */,
				E1D1F88B1C068F3F00229D48 /* LaunchScreen.xib in Resources */,
				E1BA2BD81C06FA7000866DE5 /* MJRefresh.bundle in Resources */,
				E1D1F8881C068F3F00229D48 /* Images.xcassets in Resources */,
			);
			runOnlyForDeploymentPostprocessing = 0;
		};
		E1D1F88E1C068F3F00229D48 /* Resources */ = {
			isa = PBXResourcesBuildPhase;
			buildActionMask = 2147483647;
			files = (
			);
			runOnlyForDeploymentPostprocessing = 0;
		};
/* End PBXResourcesBuildPhase section */

/* Begin PBXShellScriptBuildPhase section */
		038D8ACABD4B95099CA49D9F /* Copy Pods Resources */ = {
			isa = PBXShellScriptBuildPhase;
			buildActionMask = 2147483647;
			files = (
			);
			inputPaths = (
			);
			name = "Copy Pods Resources";
			outputPaths = (
			);
			runOnlyForDeploymentPostprocessing = 0;
			shellPath = /bin/sh;
			shellScript = "\"${SRCROOT}/Pods/Target Support Files/Pods/Pods-resources.sh\"\n";
			showEnvVarsInLog = 0;
		};
		07C42B7F2E3F1B5CAF72845C /* Check Pods Manifest.lock */ = {
			isa = PBXShellScriptBuildPhase;
			buildActionMask = 2147483647;
			files = (
			);
			inputPaths = (
			);
			name = "Check Pods Manifest.lock";
			outputPaths = (
			);
			runOnlyForDeploymentPostprocessing = 0;
			shellPath = /bin/sh;
			shellScript = "diff \"${PODS_ROOT}/../Podfile.lock\" \"${PODS_ROOT}/Manifest.lock\" > /dev/null\nif [[ $? != 0 ]] ; then\n    cat << EOM\nerror: The sandbox is not in sync with the Podfile.lock. Run 'pod install' or update your CocoaPods installation.\nEOM\n    exit 1\nfi\n";
			showEnvVarsInLog = 0;
		};
		24EFC186FAE3459C8B26C215 /* Embed Pods Frameworks */ = {
			isa = PBXShellScriptBuildPhase;
			buildActionMask = 2147483647;
			files = (
			);
			inputPaths = (
			);
			name = "Embed Pods Frameworks";
			outputPaths = (
			);
			runOnlyForDeploymentPostprocessing = 0;
			shellPath = /bin/sh;
			shellScript = "\"${SRCROOT}/Pods/Target Support Files/Pods/Pods-frameworks.sh\"\n";
			showEnvVarsInLog = 0;
		};
/* End PBXShellScriptBuildPhase section */

/* Begin PBXSourcesBuildPhase section */
		E1D1F8731C068F3F00229D48 /* Sources */ = {
			isa = PBXSourcesBuildPhase;
			buildActionMask = 2147483647;
			files = (
				E1D1F8AF1C06968900229D48 /* BaoMing_ViewController.m in Sources */,
				E1BA2BD01C06FA7000866DE5 /* MJRefreshAutoNormalFooter.m in Sources */,
				E1BA2BD11C06FA7000866DE5 /* MJRefreshAutoStateFooter.m in Sources */,
				E13A162A1C080B5B0060BA9B /* Login_ViewController.m in Sources */,
				E1BA2B991C06D1C600866DE5 /* First_ViewController.m in Sources */,
				E1BA2B9A1C06D1C600866DE5 /* Forth_ViewController.m in Sources */,
				E1BA2BD21C06FA7000866DE5 /* MJRefreshBackGifFooter.m in Sources */,
				E10703871C0BDC1100100095 /* MBProgressHUD.m in Sources */,
				E1BA2BCB1C06FA7000866DE5 /* MJRefreshBackFooter.m in Sources */,
				E1BA2BCF1C06FA7000866DE5 /* MJRefreshAutoGifFooter.m in Sources */,
				E1BA2BDC1C06FA7000866DE5 /* UIView+MJExtension.m in Sources */,
				E1BA2BDB1C06FA7000866DE5 /* UIScrollView+MJRefresh.m in Sources */,
				E1BA2BD51C06FA7000866DE5 /* MJRefreshGifHeader.m in Sources */,
				E1D1F8B11C06968900229D48 /* Mail_ViewController.m in Sources */,
				E1D1F8801C068F3F00229D48 /* AppDelegate.m in Sources */,
				E1BA2B721C069A7700866DE5 /* Reachability.m in Sources */,
				E1BA2BCD1C06FA7000866DE5 /* MJRefreshFooter.m in Sources */,
				E13A161E1C07E8A20060BA9B /* Setting_ViewController.m in Sources */,
				E1D1F87D1C068F3F00229D48 /* main.m in Sources */,
				E1BA2BCC1C06FA7000866DE5 /* MJRefreshComponent.m in Sources */,
				E1BA2B901C06D0E200866DE5 /* JRSegmentViewController.m in Sources */,
				E1BA2BD61C06FA7000866DE5 /* MJRefreshNormalHeader.m in Sources */,
				E1BA2BD31C06FA7000866DE5 /* MJRefreshBackNormalFooter.m in Sources */,
				E1BA2BCA1C06FA7000866DE5 /* MJRefreshAutoFooter.m in Sources */,
				E13A162D1C080B800060BA9B /* Register_ViewController.m in Sources */,
				E13A16251C07F4F40060BA9B /* Modify_ViewController.m in Sources */,
				E1BA2B9B1C06D1C600866DE5 /* Second_ViewController.m in Sources */,
				E1BA2BCE1C06FA7000866DE5 /* MJRefreshHeader.m in Sources */,
				E13A16241C07F4F40060BA9B /* AboutMe_ViewController.m in Sources */,
				E1BA2B9C1C06D1C600866DE5 /* Third_ViewController.m in Sources */,
				E1BA2BD71C06FA7000866DE5 /* MJRefreshStateHeader.m in Sources */,
				E1BA2BD41C06FA7000866DE5 /* MJRefreshBackStateFooter.m in Sources */,
				E16E6B4B1C0C0E7A002DABCA /* JSONKit.m in Sources */,
				E13A16301C082B4E0060BA9B /* LCTableViewPickerControl.m in Sources */,
				E1BA2BD91C06FA7000866DE5 /* MJRefreshConst.m in Sources */,
				E1BA2B8F1C06D0E200866DE5 /* JRSegmentControl.m in Sources */,
				E1D1F8B01C06968900229D48 /* Home_ViewController.m in Sources */,
				E1D1F8B21C06968900229D48 /* MyCenter_ViewController.m in Sources */,
				E1BA2BDA1C06FA7000866DE5 /* UIScrollView+MJExtension.m in Sources */,
			);
			runOnlyForDeploymentPostprocessing = 0;
		};
		E1D1F88C1C068F3F00229D48 /* Sources */ = {
			isa = PBXSourcesBuildPhase;
			buildActionMask = 2147483647;
			files = (
				E1D1F8971C068F3F00229D48 /* E__Tests.m in Sources */,
			);
			runOnlyForDeploymentPostprocessing = 0;
		};
/* End PBXSourcesBuildPhase section */

/* Begin PBXTargetDependency section */
		E1D1F8921C068F3F00229D48 /* PBXTargetDependency */ = {
			isa = PBXTargetDependency;
			target = E1D1F8761C068F3F00229D48 /* E校园 */;
			targetProxy = E1D1F8911C068F3F00229D48 /* PBXContainerItemProxy */;
		};
/* End PBXTargetDependency section */

/* Begin PBXVariantGroup section */
		E1D1F8841C068F3F00229D48 /* Main.storyboard */ = {
			isa = PBXVariantGroup;
			children = (
				E1D1F8851C068F3F00229D48 /* Base */,
			);
			name = Main.storyboard;
			sourceTree = "<group>";
		};
		E1D1F8891C068F3F00229D48 /* LaunchScreen.xib */ = {
			isa = PBXVariantGroup;
			children = (
				E1D1F88A1C068F3F00229D48 /* Base */,
			);
			name = LaunchScreen.xib;
			sourceTree = "<group>";
		};
/* End PBXVariantGroup section */

/* Begin XCBuildConfiguration section */
		E1D1F8981C068F3F00229D48 /* Debug */ = {
			isa = XCBuildConfiguration;
			buildSettings = {
				ALWAYS_SEARCH_USER_PATHS = NO;
				CLANG_CXX_LANGUAGE_STANDARD = "gnu++0x";
				CLANG_CXX_LIBRARY = "libc++";
				CLANG_ENABLE_MODULES = YES;
				CLANG_ENABLE_OBJC_ARC = YES;
				CLANG_WARN_BOOL_CONVERSION = YES;
				CLANG_WARN_CONSTANT_CONVERSION = YES;
				CLANG_WARN_DIRECT_OBJC_ISA_USAGE = YES_ERROR;
				CLANG_WARN_EMPTY_BODY = YES;
				CLANG_WARN_ENUM_CONVERSION = YES;
				CLANG_WARN_INT_CONVERSION = YES;
				CLANG_WARN_OBJC_ROOT_CLASS = YES_ERROR;
				CLANG_WARN_UNREACHABLE_CODE = YES;
				CLANG_WARN__DUPLICATE_METHOD_MATCH = YES;
				"CODE_SIGN_IDENTITY[sdk=iphoneos*]" = "iPhone Developer";
				COPY_PHASE_STRIP = NO;
				DEBUG_INFORMATION_FORMAT = "dwarf-with-dsym";
				ENABLE_STRICT_OBJC_MSGSEND = YES;
				GCC_C_LANGUAGE_STANDARD = gnu99;
				GCC_DYNAMIC_NO_PIC = NO;
				GCC_NO_COMMON_BLOCKS = YES;
				GCC_OPTIMIZATION_LEVEL = 0;
				GCC_PREPROCESSOR_DEFINITIONS = (
					"DEBUG=1",
					"$(inherited)",
				);
				GCC_SYMBOLS_PRIVATE_EXTERN = NO;
				GCC_WARN_64_TO_32_BIT_CONVERSION = YES;
				GCC_WARN_ABOUT_RETURN_TYPE = YES_ERROR;
				GCC_WARN_UNDECLARED_SELECTOR = YES;
				GCC_WARN_UNINITIALIZED_AUTOS = YES_AGGRESSIVE;
				GCC_WARN_UNUSED_FUNCTION = YES;
				GCC_WARN_UNUSED_VARIABLE = YES;
				IPHONEOS_DEPLOYMENT_TARGET = 8.4;
				MTL_ENABLE_DEBUG_INFO = YES;
				ONLY_ACTIVE_ARCH = YES;
				SDKROOT = iphoneos;
			};
			name = Debug;
		};
		E1D1F8991C068F3F00229D48 /* Release */ = {
			isa = XCBuildConfiguration;
			buildSettings = {
				ALWAYS_SEARCH_USER_PATHS = NO;
				CLANG_CXX_LANGUAGE_STANDARD = "gnu++0x";
				CLANG_CXX_LIBRARY = "libc++";
				CLANG_ENABLE_MODULES = YES;
				CLANG_ENABLE_OBJC_ARC = YES;
				CLANG_WARN_BOOL_CONVERSION = YES;
				CLANG_WARN_CONSTANT_CONVERSION = YES;
				CLANG_WARN_DIRECT_OBJC_ISA_USAGE = YES_ERROR;
				CLANG_WARN_EMPTY_BODY = YES;
				CLANG_WARN_ENUM_CONVERSION = YES;
				CLANG_WARN_INT_CONVERSION = YES;
				CLANG_WARN_OBJC_ROOT_CLASS = YES_ERROR;
				CLANG_WARN_UNREACHABLE_CODE = YES;
				CLANG_WARN__DUPLICATE_METHOD_MATCH = YES;
				"CODE_SIGN_IDENTITY[sdk=iphoneos*]" = "iPhone Developer";
				COPY_PHASE_STRIP = NO;
				DEBUG_INFORMATION_FORMAT = "dwarf-with-dsym";
				ENABLE_NS_ASSERTIONS = NO;
				ENABLE_STRICT_OBJC_MSGSEND = YES;
				GCC_C_LANGUAGE_STANDARD = gnu99;
				GCC_NO_COMMON_BLOCKS = YES;
				GCC_WARN_64_TO_32_BIT_CONVERSION = YES;
				GCC_WARN_ABOUT_RETURN_TYPE = YES_ERROR;
				GCC_WARN_UNDECLARED_SELECTOR = YES;
				GCC_WARN_UNINITIALIZED_AUTOS = YES_AGGRESSIVE;
				GCC_WARN_UNUSED_FUNCTION = YES;
				GCC_WARN_UNUSED_VARIABLE = YES;
				IPHONEOS_DEPLOYMENT_TARGET = 8.4;
				MTL_ENABLE_DEBUG_INFO = NO;
				SDKROOT = iphoneos;
				VALIDATE_PRODUCT = YES;
			};
			name = Release;
		};
		E1D1F89B1C068F3F00229D48 /* Debug */ = {
			isa = XCBuildConfiguration;
			baseConfigurationReference = 711F63D46938C3EFC8843231 /* Pods.debug.xcconfig */;
			buildSettings = {
				ASSETCATALOG_COMPILER_APPICON_NAME = AppIcon;
				INFOPLIST_FILE = "E校园/Info.plist";
				IPHONEOS_DEPLOYMENT_TARGET = 7.0;
				LD_RUNPATH_SEARCH_PATHS = "$(inherited) @executable_path/Frameworks";
				PRODUCT_NAME = "$(TARGET_NAME)";
			};
			name = Debug;
		};
		E1D1F89C1C068F3F00229D48 /* Release */ = {
			isa = XCBuildConfiguration;
			baseConfigurationReference = BE962E71CABA627208FE2AFE /* Pods.release.xcconfig */;
			buildSettings = {
				ASSETCATALOG_COMPILER_APPICON_NAME = AppIcon;
				INFOPLIST_FILE = "E校园/Info.plist";
				IPHONEOS_DEPLOYMENT_TARGET = 7.0;
				LD_RUNPATH_SEARCH_PATHS = "$(inherited) @executable_path/Frameworks";
				PRODUCT_NAME = "$(TARGET_NAME)";
			};
			name = Release;
		};
		E1D1F89E1C068F3F00229D48 /* Debug */ = {
			isa = XCBuildConfiguration;
			buildSettings = {
				BUNDLE_LOADER = "$(TEST_HOST)";
				FRAMEWORK_SEARCH_PATHS = (
					"$(SDKROOT)/Developer/Library/Frameworks",
					"$(inherited)",
				);
				GCC_PREPROCESSOR_DEFINITIONS = (
					"DEBUG=1",
					"$(inherited)",
				);
				INFOPLIST_FILE = "E校园Tests/Info.plist";
				LD_RUNPATH_SEARCH_PATHS = "$(inherited) @executable_path/Frameworks @loader_path/Frameworks";
				PRODUCT_NAME = "$(TARGET_NAME)";
				TEST_HOST = "$(BUILT_PRODUCTS_DIR)/E校园.app/E校园";
			};
			name = Debug;
		};
		E1D1F89F1C068F3F00229D48 /* Release */ = {
			isa = XCBuildConfiguration;
			buildSettings = {
				BUNDLE_LOADER = "$(TEST_HOST)";
				FRAMEWORK_SEARCH_PATHS = (
					"$(SDKROOT)/Developer/Library/Frameworks",
					"$(inherited)",
				);
				INFOPLIST_FILE = "E校园Tests/Info.plist";
				LD_RUNPATH_SEARCH_PATHS = "$(inherited) @executable_path/Frameworks @loader_path/Frameworks";
				PRODUCT_NAME = "$(TARGET_NAME)";
				TEST_HOST = "$(BUILT_PRODUCTS_DIR)/E校园.app/E校园";
			};
			name = Release;
		};
/* End XCBuildConfiguration section */

/* Begin XCConfigurationList section */
		E1D1F8721C068F3F00229D48 /* Build configuration list for PBXProject "E校园" */ = {
			isa = XCConfigurationList;
			buildConfigurations = (
				E1D1F8981C068F3F00229D48 /* Debug */,
				E1D1F8991C068F3F00229D48 /* Release */,
			);
			defaultConfigurationIsVisible = 0;
			defaultConfigurationName = Release;
		};
		E1D1F89A1C068F3F00229D48 /* Build configuration list for PBXNativeTarget "E校园" */ = {
			isa = XCConfigurationList;
			buildConfigurations = (
				E1D1F89B1C068F3F00229D48 /* Debug */,
				E1D1F89C1C068F3F00229D48 /* Release */,
			);
			defaultConfigurationIsVisible = 0;
			defaultConfigurationName = Release;
		};
		E1D1F89D1C068F3F00229D48 /* Build configuration list for PBXNativeTarget "E校园Tests" */ = {
			isa = XCConfigurationList;
			buildConfigurations = (
				E1D1F89E1C068F3F00229D48 /* Debug */,
				E1D1F89F1C068F3F00229D48 /* Release */,
			);
			defaultConfigurationIsVisible = 0;
			defaultConfigurationName = Release;
		};
/* End XCConfigurationList section */
	};
	rootObject = E1D1F86F1C068F3F00229D48 /* Project object */;
}
